
Microsoft Visual Studio Solution File, Format Version 12.00
Project("{FAE04EC0-301F-11D3-BF4B-00C04F79EFBC}") = "MyOrleansGrains", "MyOrleansGrains\MyOrleansGrains.csproj", "{279C176A-889C-4F34-93D4-ACA5F93A6F2A}"
EndProject
Project("{FAE04EC0-301F-11D3-BF4B-00C04F79EFBC}") = "MyOrleansGrainInterfaces", "MyOrleansGrainInterfaces\MyOrleansGrainInterfaces.csproj", "{C9FEFCA8-C74D-40AD-84AA-DF29AF2E5871}"
EndProject
Global
	GlobalSection(SolutionConfigurationPlatforms) = preSolution
		Debug|Any CPU = Debug|Any CPU
		Release|Any CPU = Release|Any CPU
	EndGlobalSection
	GlobalSection(ProjectConfigurationPlatforms) = postSolution
		{279C176A-889C-4F34-93D4-ACA5F93A6F2A}.Debug|Any CPU.ActiveCfg = Debug|Any CPU
		{279C176A-889C-4F34-93D4-ACA5F93A6F2A}.Debug|Any CPU.Build.0 = Debug|Any CPU
		{279C176A-889C-4F34-93D4-ACA5F93A6F2A}.Release|Any CPU.ActiveCfg = Release|Any CPU
		{279C176A-889C-4F34-93D4-ACA5F93A6F2A}.Release|Any CPU.Build.0 = Release|Any CPU
		{C9FEFCA8-C74D-40AD-84AA-DF29AF2E5871}.Debug|Any CPU.ActiveCfg = Debug|Any CPU
		{C9FEFCA8-C74D-40AD-84AA-DF29AF2E5871}.Debug|Any CPU.Build.0 = Debug|Any CPU
		{C9FEFCA8-C74D-40AD-84AA-DF29AF2E5871}.Release|Any CPU.ActiveCfg = Release|Any CPU
		{C9FEFCA8-C74D-40AD-84AA-DF29AF2E5871}.Release|Any CPU.Build.0 = Release|Any CPU
	EndGlobalSection
EndGlobal
